
Microsoft Visual Studio Solution File, Format Version 12.00
# Visual Studio 15
VisualStudioVersion = 15.0.28307.1778
MinimumVisualStudioVersion = 10.0.40219.1
Project("{9A19103F-16F7-4668-BE54-9A1E7A4F7556}") = "API Gateway - FlightBooking", "FlighBooking\API Gateway - FlightBooking.csproj", "{A5EAB887-672C-4750-8CB2-7C8152B8FA70}"
EndProject
Project("{9A19103F-16F7-4668-BE54-9A1E7A4F7556}") = "BookingManagement", "BookingManagement\BookingManagement.csproj", "{4696FC1E-058A-4853-8B05-8A7F9C8678F6}"
EndProject
Project("{9A19103F-16F7-4668-BE54-9A1E7A4F7556}") = "AirlineManagement", "AirlineManagement\AirlineManagement.csproj", "{A7C742E7-E5B7-4B96-9DD2-9F42A51FE508}"
EndProject
Project("{9A19103F-16F7-4668-BE54-9A1E7A4F7556}") = "InventoryManagement", "Inventory Management\InventoryManagement.csproj", "{7C83B6D9-DB42-41D2-876D-4E9C3AF88858}"
EndProject
Project("{9A19103F-16F7-4668-BE54-9A1E7A4F7556}") = "UserManagement", "UserManagement\UserManagement.csproj", "{9AFFD204-07CD-432A-B1F9-D36FBCE1E9F0}"
EndProject
Global
	GlobalSection(SolutionConfigurationPlatforms) = preSolution
		Debug|Any CPU = Debug|Any CPU
		Release|Any CPU = Release|Any CPU
	EndGlobalSection
	GlobalSection(ProjectConfigurationPlatforms) = postSolution
		{A5EAB887-672C-4750-8CB2-7C8152B8FA70}.Debug|Any CPU.ActiveCfg = Debug|Any CPU
		{A5EAB887-672C-4750-8CB2-7C8152B8FA70}.Debug|Any CPU.Build.0 = Debug|Any CPU
		{A5EAB887-672C-4750-8CB2-7C8152B8FA70}.Release|Any CPU.ActiveCfg = Release|Any CPU
		{A5EAB887-672C-4750-8CB2-7C8152B8FA70}.Release|Any CPU.Build.0 = Release|Any CPU
		{4696FC1E-058A-4853-8B05-8A7F9C8678F6}.Debug|Any CPU.ActiveCfg = Debug|Any CPU
		{4696FC1E-058A-4853-8B05-8A7F9C8678F6}.Debug|Any CPU.Build.0 = Debug|Any CPU
		{4696FC1E-058A-4853-8B05-8A7F9C8678F6}.Release|Any CPU.ActiveCfg = Release|Any CPU
		{4696FC1E-058A-4853-8B05-8A7F9C8678F6}.Release|Any CPU.Build.0 = Release|Any CPU
		{A7C742E7-E5B7-4B96-9DD2-9F42A51FE508}.Debug|Any CPU.ActiveCfg = Debug|Any CPU
		{A7C742E7-E5B7-4B96-9DD2-9F42A51FE508}.Debug|Any CPU.Build.0 = Debug|Any CPU
		{A7C742E7-E5B7-4B96-9DD2-9F42A51FE508}.Release|Any CPU.ActiveCfg = Release|Any CPU
		{A7C742E7-E5B7-4B96-9DD2-9F42A51FE508}.Release|Any CPU.Build.0 = Release|Any CPU
		{7C83B6D9-DB42-41D2-876D-4E9C3AF88858}.Debug|Any CPU.ActiveCfg = Debug|Any CPU
		{7C83B6D9-DB42-41D2-876D-4E9C3AF88858}.Debug|Any CPU.Build.0 = Debug|Any CPU
		{7C83B6D9-DB42-41D2-876D-4E9C3AF88858}.Release|Any CPU.ActiveCfg = Release|Any CPU
		{7C83B6D9-DB42-41D2-876D-4E9C3AF88858}.Release|Any CPU.Build.0 = Release|Any CPU
		{9AFFD204-07CD-432A-B1F9-D36FBCE1E9F0}.Debug|Any CPU.ActiveCfg = Debug|Any CPU
		{9AFFD204-07CD-432A-B1F9-D36FBCE1E9F0}.Debug|Any CPU.Build.0 = Debug|Any CPU
		{9AFFD204-07CD-432A-B1F9-D36FBCE1E9F0}.Release|Any CPU.ActiveCfg = Release|Any CPU
		{9AFFD204-07CD-432A-B1F9-D36FBCE1E9F0}.Release|Any CPU.Build.0 = Release|Any CPU
	EndGlobalSection
	GlobalSection(SolutionProperties) = preSolution
		HideSolutionNode = FALSE
	EndGlobalSection
	GlobalSection(ExtensibilityGlobals) = postSolution
		SolutionGuid = {FFE65F41-19F4-44FC-9673-8073F0EC1B7E}
	EndGlobalSection
EndGlobal
